
Microsoft Visual Studio Solution File, Format Version 12.00
# Visual Studio 15
VisualStudioVersion = 15.0.28307.168
MinimumVisualStudioVersion = 10.0.40219.1
Project("{9A19103F-16F7-4668-BE54-9A1E7A4F7556}") = "Zadanie9", "ConsoleApp5\Zadanie9.csproj", "{BCF90885-A88F-4CAB-9748-E98ACC11DE39}"
EndProject
Global
	GlobalSection(SolutionConfigurationPlatforms) = preSolution
		Debug|Any CPU = Debug|Any CPU
		Release|Any CPU = Release|Any CPU
	EndGlobalSection
	GlobalSection(ProjectConfigurationPlatforms) = postSolution
		{BCF90885-A88F-4CAB-9748-E98ACC11DE39}.Debug|Any CPU.ActiveCfg = Debug|Any CPU
		{BCF90885-A88F-4CAB-9748-E98ACC11DE39}.Debug|Any CPU.Build.0 = Debug|Any CPU
		{BCF90885-A88F-4CAB-9748-E98ACC11DE39}.Release|Any CPU.ActiveCfg = Release|Any CPU
		{BCF90885-A88F-4CAB-9748-E98ACC11DE39}.Release|Any CPU.Build.0 = Release|Any CPU
	EndGlobalSection
	GlobalSection(SolutionProperties) = preSolution
		HideSolutionNode = FALSE
	EndGlobalSection
	GlobalSection(ExtensibilityGlobals) = postSolution
		SolutionGuid = {5E346810-6A81-4934-8F5C-0C8327273194}
	EndGlobalSection
EndGlobal
